# This file was autogenerated by Stack.
# You should not edit this file by hand.
# For more information, please see the documentation at:
#   https://docs.haskellstack.org/en/stable/lock_files

packages:
- completed:
    cabal-file:
      size: 3352
      sha256: c01948a93d5708f618743ef11ecb805b6e0cc81172bbf242f5cf5a955019e21b
    name: jose
    version: 0.8.0.0
    git: https://github.com/frasertweedale/hs-jose.git
    pantry-tree:
      size: 2087
      sha256: d7ce1dae413c5b1b8c0810ab4126d987a699602ab9806f9cc57601edef2abdc2
    commit: b1260b732c548b3e42a64cc1551121b7533d0118
  original:
    git: https://github.com/frasertweedale/hs-jose.git
    commit: b1260b732c548b3e42a64cc1551121b7533d0118
snapshots:
- completed:
    size: 496635
    url: https://raw.githubusercontent.com/commercialhaskell/stackage-snapshots/master/lts/13/12.yaml
    sha256: 67b74d6acad1342ba8089b75f415c1c63897e3f32091863c921104e8d0bdcfa0
  original: lts-13.12
